
Microsoft Visual Studio Solution File, Format Version 12.00
# Visual Studio Version 17
VisualStudioVersion = 17.8.34330.188
MinimumVisualStudioVersion = 10.0.40219.1
Project("{FAE04EC0-301F-11D3-BF4B-00C04F79EFBC}") = "Task1", "Praktik5\Task1.csproj", "{D15D40AD-0F86-4DEF-B772-FEEBC5C0F9E3}"
EndProject
Project("{FAE04EC0-301F-11D3-BF4B-00C04F79EFBC}") = "Task2", "Task2\Task2.csproj", "{BA3CEF9D-F045-44FF-B2AE-4BC96C301CAC}"
EndProject
Project("{FAE04EC0-301F-11D3-BF4B-00C04F79EFBC}") = "Task3", "Task3\Task3.csproj", "{A217CF83-3DF3-490C-9E31-CC39762BE8EB}"
EndProject
Project("{FAE04EC0-301F-11D3-BF4B-00C04F79EFBC}") = "Task4", "Task4\Task4.csproj", "{986783B6-64DD-473A-9D8B-85948B94B42B}"
EndProject
Project("{FAE04EC0-301F-11D3-BF4B-00C04F79EFBC}") = "Task4_1", "Task4_1\Task4_1.csproj", "{4884195A-BC0B-426B-A992-A14C59F4F44E}"
EndProject
Project("{FAE04EC0-301F-11D3-BF4B-00C04F79EFBC}") = "Task4_2", "Task4_2\Task4_2.csproj", "{46A677C5-0ADB-4EF1-B9DE-E083E6E23879}"
EndProject
Project("{FAE04EC0-301F-11D3-BF4B-00C04F79EFBC}") = "Task4_3", "Task4_3\Task4_3.csproj", "{E8FECDA0-4254-4939-AA59-0943EDD24889}"
EndProject
Project("{FAE04EC0-301F-11D3-BF4B-00C04F79EFBC}") = "Task4_4", "Task4_4\Task4_4.csproj", "{1DC41ACF-0EE0-4D48-9E05-2EE074E7E4DC}"
EndProject
Project("{FAE04EC0-301F-11D3-BF4B-00C04F79EFBC}") = "Task4_5", "Task4_5\Task4_5.csproj", "{C83A32C6-1146-4513-8A2A-3B60375B2DDF}"
EndProject
Project("{FAE04EC0-301F-11D3-BF4B-00C04F79EFBC}") = "Task4_6", "Task4_6\Task4_6.csproj", "{C06A8079-4F26-4D0A-8C30-ADE352FE99C6}"
EndProject
Project("{FAE04EC0-301F-11D3-BF4B-00C04F79EFBC}") = "Task4_7", "Task4_7\Task4_7.csproj", "{059BC877-6A85-4805-B3A8-2AC66851EA6B}"
EndProject
Project("{FAE04EC0-301F-11D3-BF4B-00C04F79EFBC}") = "Task4_8", "Task4_8\Task4_8.csproj", "{786DDC4B-7B2C-4629-A636-3630457D8BB5}"
EndProject
Project("{FAE04EC0-301F-11D3-BF4B-00C04F79EFBC}") = "Task4_9", "Task4_9\Task4_9.csproj", "{896C4ECC-D59C-457A-A66F-D82161FE9D8E}"
EndProject
Project("{FAE04EC0-301F-11D3-BF4B-00C04F79EFBC}") = "Task5", "Task5\Task5.csproj", "{75E9433E-DE44-47DD-AABD-EB0378F42633}"
EndProject
Project("{FAE04EC0-301F-11D3-BF4B-00C04F79EFBC}") = "Task5_1", "Task5_1\Task5_1.csproj", "{357BB161-3245-4F2A-9FAE-7BFAB4100FB8}"
EndProject
Project("{FAE04EC0-301F-11D3-BF4B-00C04F79EFBC}") = "Task5_2", "Task5_2\Task5_2.csproj", "{08899D12-A33A-4780-90E3-980F9F744BE8}"
EndProject
Project("{FAE04EC0-301F-11D3-BF4B-00C04F79EFBC}") = "Task5_3", "Task5_3\Task5_3.csproj", "{6E09A752-41EE-4022-ACA6-7562EEF296C2}"
EndProject
Project("{FAE04EC0-301F-11D3-BF4B-00C04F79EFBC}") = "Task5_4", "Task5_4\Task5_4.csproj", "{6C840522-6636-4EE6-9A1E-19829C87F593}"
EndProject
Project("{FAE04EC0-301F-11D3-BF4B-00C04F79EFBC}") = "Task5_5", "Task5_5\Task5_5.csproj", "{9E034808-158D-4969-8CF5-8AF00D2ED2B3}"
EndProject
Global
	GlobalSection(SolutionConfigurationPlatforms) = preSolution
		Debug|Any CPU = Debug|Any CPU
		Release|Any CPU = Release|Any CPU
	EndGlobalSection
	GlobalSection(ProjectConfigurationPlatforms) = postSolution
		{D15D40AD-0F86-4DEF-B772-FEEBC5C0F9E3}.Debug|Any CPU.ActiveCfg = Debug|Any CPU
		{D15D40AD-0F86-4DEF-B772-FEEBC5C0F9E3}.Debug|Any CPU.Build.0 = Debug|Any CPU
		{D15D40AD-0F86-4DEF-B772-FEEBC5C0F9E3}.Release|Any CPU.ActiveCfg = Release|Any CPU
		{D15D40AD-0F86-4DEF-B772-FEEBC5C0F9E3}.Release|Any CPU.Build.0 = Release|Any CPU
		{BA3CEF9D-F045-44FF-B2AE-4BC96C301CAC}.Debug|Any CPU.ActiveCfg = Debug|Any CPU
		{BA3CEF9D-F045-44FF-B2AE-4BC96C301CAC}.Debug|Any CPU.Build.0 = Debug|Any CPU
		{BA3CEF9D-F045-44FF-B2AE-4BC96C301CAC}.Release|Any CPU.ActiveCfg = Release|Any CPU
		{BA3CEF9D-F045-44FF-B2AE-4BC96C301CAC}.Release|Any CPU.Build.0 = Release|Any CPU
		{A217CF83-3DF3-490C-9E31-CC39762BE8EB}.Debug|Any CPU.ActiveCfg = Debug|Any CPU
		{A217CF83-3DF3-490C-9E31-CC39762BE8EB}.Debug|Any CPU.Build.0 = Debug|Any CPU
		{A217CF83-3DF3-490C-9E31-CC39762BE8EB}.Release|Any CPU.ActiveCfg = Release|Any CPU
		{A217CF83-3DF3-490C-9E31-CC39762BE8EB}.Release|Any CPU.Build.0 = Release|Any CPU
		{986783B6-64DD-473A-9D8B-85948B94B42B}.Debug|Any CPU.ActiveCfg = Debug|Any CPU
		{986783B6-64DD-473A-9D8B-85948B94B42B}.Debug|Any CPU.Build.0 = Debug|Any CPU
		{986783B6-64DD-473A-9D8B-85948B94B42B}.Release|Any CPU.ActiveCfg = Release|Any CPU
		{986783B6-64DD-473A-9D8B-85948B94B42B}.Release|Any CPU.Build.0 = Release|Any CPU
		{4884195A-BC0B-426B-A992-A14C59F4F44E}.Debug|Any CPU.ActiveCfg = Debug|Any CPU
		{4884195A-BC0B-426B-A992-A14C59F4F44E}.Debug|Any CPU.Build.0 = Debug|Any CPU
		{4884195A-BC0B-426B-A992-A14C59F4F44E}.Release|Any CPU.ActiveCfg = Release|Any CPU
		{4884195A-BC0B-426B-A992-A14C59F4F44E}.Release|Any CPU.Build.0 = Release|Any CPU
		{46A677C5-0ADB-4EF1-B9DE-E083E6E23879}.Debug|Any CPU.ActiveCfg = Debug|Any CPU
		{46A677C5-0ADB-4EF1-B9DE-E083E6E23879}.Debug|Any CPU.Build.0 = Debug|Any CPU
		{46A677C5-0ADB-4EF1-B9DE-E083E6E23879}.Release|Any CPU.ActiveCfg = Release|Any CPU
		{46A677C5-0ADB-4EF1-B9DE-E083E6E23879}.Release|Any CPU.Build.0 = Release|Any CPU
		{E8FECDA0-4254-4939-AA59-0943EDD24889}.Debug|Any CPU.ActiveCfg = Debug|Any CPU
		{E8FECDA0-4254-4939-AA59-0943EDD24889}.Debug|Any CPU.Build.0 = Debug|Any CPU
		{E8FECDA0-4254-4939-AA59-0943EDD24889}.Release|Any CPU.ActiveCfg = Release|Any CPU
		{E8FECDA0-4254-4939-AA59-0943EDD24889}.Release|Any CPU.Build.0 = Release|Any CPU
		{1DC41ACF-0EE0-4D48-9E05-2EE074E7E4DC}.Debug|Any CPU.ActiveCfg = Debug|Any CPU
		{1DC41ACF-0EE0-4D48-9E05-2EE074E7E4DC}.Debug|Any CPU.Build.0 = Debug|Any CPU
		{1DC41ACF-0EE0-4D48-9E05-2EE074E7E4DC}.Release|Any CPU.ActiveCfg = Release|Any CPU
		{1DC41ACF-0EE0-4D48-9E05-2EE074E7E4DC}.Release|Any CPU.Build.0 = Release|Any CPU
		{C83A32C6-1146-4513-8A2A-3B60375B2DDF}.Debug|Any CPU.ActiveCfg = Debug|Any CPU
		{C83A32C6-1146-4513-8A2A-3B60375B2DDF}.Debug|Any CPU.Build.0 = Debug|Any CPU
		{C83A32C6-1146-4513-8A2A-3B60375B2DDF}.Release|Any CPU.ActiveCfg = Release|Any CPU
		{C83A32C6-1146-4513-8A2A-3B60375B2DDF}.Release|Any CPU.Build.0 = Release|Any CPU
		{C06A8079-4F26-4D0A-8C30-ADE352FE99C6}.Debug|Any CPU.ActiveCfg = Debug|Any CPU
		{C06A8079-4F26-4D0A-8C30-ADE352FE99C6}.Debug|Any CPU.Build.0 = Debug|Any CPU
		{C06A8079-4F26-4D0A-8C30-ADE352FE99C6}.Release|Any CPU.ActiveCfg = Release|Any CPU
		{C06A8079-4F26-4D0A-8C30-ADE352FE99C6}.Release|Any CPU.Build.0 = Release|Any CPU
		{059BC877-6A85-4805-B3A8-2AC66851EA6B}.Debug|Any CPU.ActiveCfg = Debug|Any CPU
		{059BC877-6A85-4805-B3A8-2AC66851EA6B}.Debug|Any CPU.Build.0 = Debug|Any CPU
		{059BC877-6A85-4805-B3A8-2AC66851EA6B}.Release|Any CPU.ActiveCfg = Release|Any CPU
		{059BC877-6A85-4805-B3A8-2AC66851EA6B}.Release|Any CPU.Build.0 = Release|Any CPU
		{786DDC4B-7B2C-4629-A636-3630457D8BB5}.Debug|Any CPU.ActiveCfg = Debug|Any CPU
		{786DDC4B-7B2C-4629-A636-3630457D8BB5}.Debug|Any CPU.Build.0 = Debug|Any CPU
		{786DDC4B-7B2C-4629-A636-3630457D8BB5}.Release|Any CPU.ActiveCfg = Release|Any CPU
		{786DDC4B-7B2C-4629-A636-3630457D8BB5}.Release|Any CPU.Build.0 = Release|Any CPU
		{896C4ECC-D59C-457A-A66F-D82161FE9D8E}.Debug|Any CPU.ActiveCfg = Debug|Any CPU
		{896C4ECC-D59C-457A-A66F-D82161FE9D8E}.Debug|Any CPU.Build.0 = Debug|Any CPU
		{896C4ECC-D59C-457A-A66F-D82161FE9D8E}.Release|Any CPU.ActiveCfg = Release|Any CPU
		{896C4ECC-D59C-457A-A66F-D82161FE9D8E}.Release|Any CPU.Build.0 = Release|Any CPU
		{75E9433E-DE44-47DD-AABD-EB0378F42633}.Debug|Any CPU.ActiveCfg = Debug|Any CPU
		{75E9433E-DE44-47DD-AABD-EB0378F42633}.Debug|Any CPU.Build.0 = Debug|Any CPU
		{75E9433E-DE44-47DD-AABD-EB0378F42633}.Release|Any CPU.ActiveCfg = Release|Any CPU
		{75E9433E-DE44-47DD-AABD-EB0378F42633}.Release|Any CPU.Build.0 = Release|Any CPU
		{357BB161-3245-4F2A-9FAE-7BFAB4100FB8}.Debug|Any CPU.ActiveCfg = Debug|Any CPU
		{357BB161-3245-4F2A-9FAE-7BFAB4100FB8}.Debug|Any CPU.Build.0 = Debug|Any CPU
		{357BB161-3245-4F2A-9FAE-7BFAB4100FB8}.Release|Any CPU.ActiveCfg = Release|Any CPU
		{357BB161-3245-4F2A-9FAE-7BFAB4100FB8}.Release|Any CPU.Build.0 = Release|Any CPU
		{08899D12-A33A-4780-90E3-980F9F744BE8}.Debug|Any CPU.ActiveCfg = Debug|Any CPU
		{08899D12-A33A-4780-90E3-980F9F744BE8}.Debug|Any CPU.Build.0 = Debug|Any CPU
		{08899D12-A33A-4780-90E3-980F9F744BE8}.Release|Any CPU.ActiveCfg = Release|Any CPU
		{08899D12-A33A-4780-90E3-980F9F744BE8}.Release|Any CPU.Build.0 = Release|Any CPU
		{6E09A752-41EE-4022-ACA6-7562EEF296C2}.Debug|Any CPU.ActiveCfg = Debug|Any CPU
		{6E09A752-41EE-4022-ACA6-7562EEF296C2}.Debug|Any CPU.Build.0 = Debug|Any CPU
		{6E09A752-41EE-4022-ACA6-7562EEF296C2}.Release|Any CPU.ActiveCfg = Release|Any CPU
		{6E09A752-41EE-4022-ACA6-7562EEF296C2}.Release|Any CPU.Build.0 = Release|Any CPU
		{6C840522-6636-4EE6-9A1E-19829C87F593}.Debug|Any CPU.ActiveCfg = Debug|Any CPU
		{6C840522-6636-4EE6-9A1E-19829C87F593}.Debug|Any CPU.Build.0 = Debug|Any CPU
		{6C840522-6636-4EE6-9A1E-19829C87F593}.Release|Any CPU.ActiveCfg = Release|Any CPU
		{6C840522-6636-4EE6-9A1E-19829C87F593}.Release|Any CPU.Build.0 = Release|Any CPU
		{9E034808-158D-4969-8CF5-8AF00D2ED2B3}.Debug|Any CPU.ActiveCfg = Debug|Any CPU
		{9E034808-158D-4969-8CF5-8AF00D2ED2B3}.Debug|Any CPU.Build.0 = Debug|Any CPU
		{9E034808-158D-4969-8CF5-8AF00D2ED2B3}.Release|Any CPU.ActiveCfg = Release|Any CPU
		{9E034808-158D-4969-8CF5-8AF00D2ED2B3}.Release|Any CPU.Build.0 = Release|Any CPU
	EndGlobalSection
	GlobalSection(SolutionProperties) = preSolution
		HideSolutionNode = FALSE
	EndGlobalSection
	GlobalSection(ExtensibilityGlobals) = postSolution
		SolutionGuid = {D1A60B1E-1326-44C7-82B8-2FC0CDFA0387}
	EndGlobalSection
EndGlobal
